
Microsoft Visual Studio Solution File, Format Version 12.00
# Visual Studio Version 17
VisualStudioVersion = 17.8.34330.188
MinimumVisualStudioVersion = 10.0.40219.1
Project("{9A19103F-16F7-4668-BE54-9A1E7A4F7556}") = "Bislerium", "Bislerium\Bislerium.csproj", "{BBC5A411-0356-46EF-BA7E-B92E6AF17568}"
EndProject
Global
	GlobalSection(SolutionConfigurationPlatforms) = preSolution
		Debug|Any CPU = Debug|Any CPU
		Release|Any CPU = Release|Any CPU
	EndGlobalSection
	GlobalSection(ProjectConfigurationPlatforms) = postSolution
		{BBC5A411-0356-46EF-BA7E-B92E6AF17568}.Debug|Any CPU.ActiveCfg = Debug|Any CPU
		{BBC5A411-0356-46EF-BA7E-B92E6AF17568}.Debug|Any CPU.Build.0 = Debug|Any CPU
		{BBC5A411-0356-46EF-BA7E-B92E6AF17568}.Debug|Any CPU.Deploy.0 = Debug|Any CPU
		{BBC5A411-0356-46EF-BA7E-B92E6AF17568}.Release|Any CPU.ActiveCfg = Release|Any CPU
		{BBC5A411-0356-46EF-BA7E-B92E6AF17568}.Release|Any CPU.Build.0 = Release|Any CPU
		{BBC5A411-0356-46EF-BA7E-B92E6AF17568}.Release|Any CPU.Deploy.0 = Release|Any CPU
	EndGlobalSection
	GlobalSection(SolutionProperties) = preSolution
		HideSolutionNode = FALSE
	EndGlobalSection
	GlobalSection(ExtensibilityGlobals) = postSolution
		SolutionGuid = {82E7F008-BB39-4A5B-A415-6708D6FFF3E6}
	EndGlobalSection
EndGlobal
